<?xml version="1.0" encoding="utf-8"?>
<Project ToolsVersion="4.0" xmlns="http://schemas.microsoft.com/developer/msbuild/2003">
  <ItemGroup>
    <Filter Include="Resource Files">
      <UniqueIdentifier>{67DA6AB6-F800-4c08-8B7A-83BB121AAD01}</UniqueIdentifier>
      <Extensions>rc;ico;cur;bmp;dlg;rc2;rct;bin;rgs;gif;jpg;jpeg;jpe;resx;tiff;tif;png;wav;mfcribbon-ms</Extensions>
    </Filter>
    <Filter Include="Technical files">
      <UniqueIdentifier>{714c3832-9d25-470c-9772-ffaf3dc4da3e}</UniqueIdentifier>
    </Filter>
    <Filter Include="Game Files">
      <UniqueIdentifier>{980d11e9-0163-49aa-8bb2-7bc8746eb885}</UniqueIdentifier>
    </Filter>
    <Filter Include="Animations">
      <UniqueIdentifier>{6ab8e10d-6bfd-4daf-85ef-76e62a330399}</UniqueIdentifier>
    </Filter>
  </ItemGroup>
  <ItemGroup>
    <ClCompile Include="AnimatedSprite.cpp">
      <Filter>Technical files</Filter>
    </ClCompile>
    <ClCompile Include="GameApp.cpp">
      <Filter>Technical files</Filter>
    </ClCompile>
    <ClCompile Include="Sprite.cpp">
      <Filter>Technical files</Filter>
    </ClCompile>
    <ClCompile Include="DirectXApplication.cpp">
      <Filter>Technical files</Filter>
    </ClCompile>
    <ClCompile Include="main.cpp">
      <Filter>Game Files</Filter>
    </ClCompile>
    <ClCompile Include="Game.cpp">
      <Filter>Game Files</Filter>
    </ClCompile>
    <ClCompile Include="Player.cpp">
      <Filter>Game Files</Filter>
    </ClCompile>
    <ClCompile Include="Enemy.cpp">
      <Filter>Game Files</Filter>
    </ClCompile>
  </ItemGroup>
  <ItemGroup>
    <ClInclude Include="AnimatedSprite.h">
      <Filter>Technical files</Filter>
    </ClInclude>
    <ClInclude Include="DirectXApplication.h">
      <Filter>Technical files</Filter>
    </ClInclude>
    <ClInclude Include="GameApp.h">
      <Filter>Technical files</Filter>
    </ClInclude>
    <ClInclude Include="Sprite.h">
      <Filter>Technical files</Filter>
    </ClInclude>
    <ClInclude Include="Game.h">
      <Filter>Game Files</Filter>
    </ClInclude>
    <ClInclude Include="Animation.h">
      <Filter>Animations</Filter>
    </ClInclude>
    <ClInclude Include="StickmanAnimationLR.h">
      <Filter>Animations</Filter>
    </ClInclude>
    <ClInclude Include="Player.h">
      <Filter>Game Files</Filter>
    </ClInclude>
    <ClInclude Include="Enemy.h">
      <Filter>Game Files</Filter>
    </ClInclude>
    <ClInclude Include="StickmanAnimationKick.h">
      <Filter>Animations</Filter>
    </ClInclude>
    <ClInclude Include="StickmanAnimationFall.h">
      <Filter>Animations</Filter>
    </ClInclude>
    <ClInclude Include="AnimationHeaders.h">
      <Filter>Animations</Filter>
    </ClInclude>
    <ClInclude Include="StickmanAnimationStay.h">
      <Filter>Animations</Filter>
    </ClInclude>
    <ClInclude Include="Object.h">
      <Filter>Game Files</Filter>
    </ClInclude>
    <ClInclude Include="BloodPool.h">
      <Filter>Game Files</Filter>
    </ClInclude>
    <ClInclude Include="Bullet.h">
      <Filter>Game Files</Filter>
    </ClInclude>
    <ClInclude Include="StanislawLR.h">
      <Filter>Animations</Filter>
    </ClInclude>
    <ClInclude Include="StanislawStay.h">
      <Filter>Animations</Filter>
    </ClInclude>
    <ClInclude Include="resource1.h" />
  </ItemGroup>
  <ItemGroup>
    <None Include="packages.config" />
  </ItemGroup>
</Project>